
Microsoft Visual Studio Solution File, Format Version 12.00
# Visual Studio Version 17
VisualStudioVersion = 17.8.34316.72
MinimumVisualStudioVersion = 10.0.40219.1
Project("{FAE04EC0-301F-11D3-BF4B-00C04F79EFBC}") = "Form1", "Form1\Form1.csproj", "{5C8640A2-69A2-4269-ADAA-6BBFE288EE81}"
EndProject
Global
	GlobalSection(SolutionConfigurationPlatforms) = preSolution
		Debug|Any CPU = Debug|Any CPU
		Release|Any CPU = Release|Any CPU
	EndGlobalSection
	GlobalSection(ProjectConfigurationPlatforms) = postSolution
		{5C8640A2-69A2-4269-ADAA-6BBFE288EE81}.Debug|Any CPU.ActiveCfg = Debug|Any CPU
		{5C8640A2-69A2-4269-ADAA-6BBFE288EE81}.Debug|Any CPU.Build.0 = Debug|Any CPU
		{5C8640A2-69A2-4269-ADAA-6BBFE288EE81}.Release|Any CPU.ActiveCfg = Release|Any CPU
		{5C8640A2-69A2-4269-ADAA-6BBFE288EE81}.Release|Any CPU.Build.0 = Release|Any CPU
	EndGlobalSection
	GlobalSection(SolutionProperties) = preSolution
		HideSolutionNode = FALSE
	EndGlobalSection
	GlobalSection(ExtensibilityGlobals) = postSolution
		SolutionGuid = {22C9CD0D-51E6-497B-8C78-86CD51D86887}
	EndGlobalSection
EndGlobal
